# This file is automatically @generated by Cargo.
# It is not intended for manual editing.
version = 3

[[package]]
name = "ast"
version = "0.1.0"
dependencies = [
 "error_handling",
 "hacktypes",
 "lexer",
 "position",
]

[[package]]
name = "error_handling"
version = "0.1.0"
dependencies = [
 "position",
]

[[package]]
name = "hackscript"
version = "2.0.0"
dependencies = [
 "ast",
 "interpreter",
 "lexer",
 "parser",
]

[[package]]
name = "hacktypes"
version = "0.1.0"
dependencies = [
 "position",
]

[[package]]
name = "interpreter"
version = "0.1.0"
dependencies = [
 "ast",
 "error_handling",
 "hacktypes",
 "lexer",
 "parser",
 "position",
 "value",
]

[[package]]
name = "lexer"
version = "0.1.0"
dependencies = [
 "error_handling",
 "hacktypes",
 "position",
]

[[package]]
name = "parser"
version = "0.1.0"
dependencies = [
 "ast",
 "error_handling",
 "hacktypes",
 "lexer",
 "position",
]

[[package]]
name = "position"
version = "0.1.0"

[[package]]
name = "value"
version = "0.1.0"
dependencies = [
 "ast",
 "error_handling",
 "hacktypes",
 "lexer",
 "position",
]
